
Microsoft Visual Studio Solution File, Format Version 12.00
# Visual Studio Version 16
VisualStudioVersion = 16.0.31005.135
MinimumVisualStudioVersion = 10.0.40219.1
Project("{FAE04EC0-301F-11D3-BF4B-00C04F79EFBC}") = "MethodsSample", "MethodsSample\MethodsSample.csproj", "{62A29229-11C4-4DCD-9B67-7229BB234FC3}"
EndProject
Project("{FAE04EC0-301F-11D3-BF4B-00C04F79EFBC}") = "ClassesSample", "ClassesSample\ClassesSample.csproj", "{F8EE5C38-A148-4A70-A3F0-9DB556A547DB}"
EndProject
Project("{FAE04EC0-301F-11D3-BF4B-00C04F79EFBC}") = "StaticConstructors", "StaticConstructors\StaticConstructors.csproj", "{97BCF5E8-479A-4424-ACA7-25F982AE902E}"
EndProject
Project("{FAE04EC0-301F-11D3-BF4B-00C04F79EFBC}") = "StructsSample", "StructsSample\StructsSample.csproj", "{0691784A-03D3-4464-9EC0-0A071C42D1A2}"
EndProject
Project("{FAE04EC0-301F-11D3-BF4B-00C04F79EFBC}") = "ReadonlyStruct", "ReadonlyStruct\ReadonlyStruct.csproj", "{D2088037-2CBF-408D-B3FC-03E1A61BE72A}"
EndProject
Project("{FAE04EC0-301F-11D3-BF4B-00C04F79EFBC}") = "PassingByValueAndReference", "PassingByValueAndReference\PassingByValueAndReference.csproj", "{7D8643B8-FD8D-41BB-9E8A-E8C7721314DF}"
EndProject
Project("{FAE04EC0-301F-11D3-BF4B-00C04F79EFBC}") = "OutKeyword", "OutKeyword\OutKeyword.csproj", "{A0E4AE11-C3FE-44B4-98D9-156F8334C316}"
EndProject
Project("{FAE04EC0-301F-11D3-BF4B-00C04F79EFBC}") = "InParameter", "InParameter\InParameter.csproj", "{8F597411-A7FC-4FAD-AF1E-A426DA8F5F3F}"
EndProject
Global
	GlobalSection(SolutionConfigurationPlatforms) = preSolution
		Debug|Any CPU = Debug|Any CPU
		Release|Any CPU = Release|Any CPU
	EndGlobalSection
	GlobalSection(ProjectConfigurationPlatforms) = postSolution
		{62A29229-11C4-4DCD-9B67-7229BB234FC3}.Debug|Any CPU.ActiveCfg = Debug|Any CPU
		{62A29229-11C4-4DCD-9B67-7229BB234FC3}.Debug|Any CPU.Build.0 = Debug|Any CPU
		{62A29229-11C4-4DCD-9B67-7229BB234FC3}.Release|Any CPU.ActiveCfg = Release|Any CPU
		{62A29229-11C4-4DCD-9B67-7229BB234FC3}.Release|Any CPU.Build.0 = Release|Any CPU
		{F8EE5C38-A148-4A70-A3F0-9DB556A547DB}.Debug|Any CPU.ActiveCfg = Debug|Any CPU
		{F8EE5C38-A148-4A70-A3F0-9DB556A547DB}.Debug|Any CPU.Build.0 = Debug|Any CPU
		{F8EE5C38-A148-4A70-A3F0-9DB556A547DB}.Release|Any CPU.ActiveCfg = Release|Any CPU
		{F8EE5C38-A148-4A70-A3F0-9DB556A547DB}.Release|Any CPU.Build.0 = Release|Any CPU
		{97BCF5E8-479A-4424-ACA7-25F982AE902E}.Debug|Any CPU.ActiveCfg = Debug|Any CPU
		{97BCF5E8-479A-4424-ACA7-25F982AE902E}.Debug|Any CPU.Build.0 = Debug|Any CPU
		{97BCF5E8-479A-4424-ACA7-25F982AE902E}.Release|Any CPU.ActiveCfg = Release|Any CPU
		{97BCF5E8-479A-4424-ACA7-25F982AE902E}.Release|Any CPU.Build.0 = Release|Any CPU
		{0691784A-03D3-4464-9EC0-0A071C42D1A2}.Debug|Any CPU.ActiveCfg = Debug|Any CPU
		{0691784A-03D3-4464-9EC0-0A071C42D1A2}.Debug|Any CPU.Build.0 = Debug|Any CPU
		{0691784A-03D3-4464-9EC0-0A071C42D1A2}.Release|Any CPU.ActiveCfg = Release|Any CPU
		{0691784A-03D3-4464-9EC0-0A071C42D1A2}.Release|Any CPU.Build.0 = Release|Any CPU
		{D2088037-2CBF-408D-B3FC-03E1A61BE72A}.Debug|Any CPU.ActiveCfg = Debug|Any CPU
		{D2088037-2CBF-408D-B3FC-03E1A61BE72A}.Debug|Any CPU.Build.0 = Debug|Any CPU
		{D2088037-2CBF-408D-B3FC-03E1A61BE72A}.Release|Any CPU.ActiveCfg = Release|Any CPU
		{D2088037-2CBF-408D-B3FC-03E1A61BE72A}.Release|Any CPU.Build.0 = Release|Any CPU
		{7D8643B8-FD8D-41BB-9E8A-E8C7721314DF}.Debug|Any CPU.ActiveCfg = Debug|Any CPU
		{7D8643B8-FD8D-41BB-9E8A-E8C7721314DF}.Debug|Any CPU.Build.0 = Debug|Any CPU
		{7D8643B8-FD8D-41BB-9E8A-E8C7721314DF}.Release|Any CPU.ActiveCfg = Release|Any CPU
		{7D8643B8-FD8D-41BB-9E8A-E8C7721314DF}.Release|Any CPU.Build.0 = Release|Any CPU
		{A0E4AE11-C3FE-44B4-98D9-156F8334C316}.Debug|Any CPU.ActiveCfg = Debug|Any CPU
		{A0E4AE11-C3FE-44B4-98D9-156F8334C316}.Debug|Any CPU.Build.0 = Debug|Any CPU
		{A0E4AE11-C3FE-44B4-98D9-156F8334C316}.Release|Any CPU.ActiveCfg = Release|Any CPU
		{A0E4AE11-C3FE-44B4-98D9-156F8334C316}.Release|Any CPU.Build.0 = Release|Any CPU
		{8F597411-A7FC-4FAD-AF1E-A426DA8F5F3F}.Debug|Any CPU.ActiveCfg = Debug|Any CPU
		{8F597411-A7FC-4FAD-AF1E-A426DA8F5F3F}.Debug|Any CPU.Build.0 = Debug|Any CPU
		{8F597411-A7FC-4FAD-AF1E-A426DA8F5F3F}.Release|Any CPU.ActiveCfg = Release|Any CPU
		{8F597411-A7FC-4FAD-AF1E-A426DA8F5F3F}.Release|Any CPU.Build.0 = Release|Any CPU
	EndGlobalSection
	GlobalSection(SolutionProperties) = preSolution
		HideSolutionNode = FALSE
	EndGlobalSection
	GlobalSection(ExtensibilityGlobals) = postSolution
		SolutionGuid = {40FB4A86-A42F-416B-9401-18C9E423619E}
	EndGlobalSection
EndGlobal
