
Microsoft Visual Studio Solution File, Format Version 12.00
# Visual Studio Version 16
VisualStudioVersion = 16.0.31005.135
MinimumVisualStudioVersion = 10.0.40219.1
Project("{FAE04EC0-301F-11D3-BF4B-00C04F79EFBC}") = "HelloWorldApp", "HelloWorldApp\HelloWorldApp.csproj", "{4B01A1FD-17A0-4C96-9AD8-40BA6F7D9699}"
EndProject
Project("{FAE04EC0-301F-11D3-BF4B-00C04F79EFBC}") = "Variable", "Variable\Variable.csproj", "{1BFA2DB8-BC46-40F0-9046-80CDFD191AF0}"
EndProject
Project("{FAE04EC0-301F-11D3-BF4B-00C04F79EFBC}") = "ReferenceTypeString", "ReferenceTypeString\ReferenceTypeString.csproj", "{1138A3DD-42ED-41C3-A025-CC7D3B8BC417}"
EndProject
Project("{FAE04EC0-301F-11D3-BF4B-00C04F79EFBC}") = "VariableScope", "VariableScope\VariableScope.csproj", "{8D894EAB-7392-47F4-B48E-5667FAEB8EEA}"
EndProject
Project("{FAE04EC0-301F-11D3-BF4B-00C04F79EFBC}") = "MathLib", "MathLib\MathLib.csproj", "{41EE5D59-8C2E-48E6-8864-C1906137E2C1}"
EndProject
Project("{FAE04EC0-301F-11D3-BF4B-00C04F79EFBC}") = "MathClient", "MathClient\MathClient.csproj", "{11B77DA7-BA2C-44CE-A90B-D6D76339AB86}"
EndProject
Global
	GlobalSection(SolutionConfigurationPlatforms) = preSolution
		Debug|Any CPU = Debug|Any CPU
		Release|Any CPU = Release|Any CPU
	EndGlobalSection
	GlobalSection(ProjectConfigurationPlatforms) = postSolution
		{4B01A1FD-17A0-4C96-9AD8-40BA6F7D9699}.Debug|Any CPU.ActiveCfg = Debug|Any CPU
		{4B01A1FD-17A0-4C96-9AD8-40BA6F7D9699}.Debug|Any CPU.Build.0 = Debug|Any CPU
		{4B01A1FD-17A0-4C96-9AD8-40BA6F7D9699}.Release|Any CPU.ActiveCfg = Release|Any CPU
		{4B01A1FD-17A0-4C96-9AD8-40BA6F7D9699}.Release|Any CPU.Build.0 = Release|Any CPU
		{1BFA2DB8-BC46-40F0-9046-80CDFD191AF0}.Debug|Any CPU.ActiveCfg = Debug|Any CPU
		{1BFA2DB8-BC46-40F0-9046-80CDFD191AF0}.Debug|Any CPU.Build.0 = Debug|Any CPU
		{1BFA2DB8-BC46-40F0-9046-80CDFD191AF0}.Release|Any CPU.ActiveCfg = Release|Any CPU
		{1BFA2DB8-BC46-40F0-9046-80CDFD191AF0}.Release|Any CPU.Build.0 = Release|Any CPU
		{1138A3DD-42ED-41C3-A025-CC7D3B8BC417}.Debug|Any CPU.ActiveCfg = Debug|Any CPU
		{1138A3DD-42ED-41C3-A025-CC7D3B8BC417}.Debug|Any CPU.Build.0 = Debug|Any CPU
		{1138A3DD-42ED-41C3-A025-CC7D3B8BC417}.Release|Any CPU.ActiveCfg = Release|Any CPU
		{1138A3DD-42ED-41C3-A025-CC7D3B8BC417}.Release|Any CPU.Build.0 = Release|Any CPU
		{8D894EAB-7392-47F4-B48E-5667FAEB8EEA}.Debug|Any CPU.ActiveCfg = Debug|Any CPU
		{8D894EAB-7392-47F4-B48E-5667FAEB8EEA}.Debug|Any CPU.Build.0 = Debug|Any CPU
		{8D894EAB-7392-47F4-B48E-5667FAEB8EEA}.Release|Any CPU.ActiveCfg = Release|Any CPU
		{8D894EAB-7392-47F4-B48E-5667FAEB8EEA}.Release|Any CPU.Build.0 = Release|Any CPU
		{41EE5D59-8C2E-48E6-8864-C1906137E2C1}.Debug|Any CPU.ActiveCfg = Debug|Any CPU
		{41EE5D59-8C2E-48E6-8864-C1906137E2C1}.Debug|Any CPU.Build.0 = Debug|Any CPU
		{41EE5D59-8C2E-48E6-8864-C1906137E2C1}.Release|Any CPU.ActiveCfg = Release|Any CPU
		{41EE5D59-8C2E-48E6-8864-C1906137E2C1}.Release|Any CPU.Build.0 = Release|Any CPU
		{11B77DA7-BA2C-44CE-A90B-D6D76339AB86}.Debug|Any CPU.ActiveCfg = Debug|Any CPU
		{11B77DA7-BA2C-44CE-A90B-D6D76339AB86}.Debug|Any CPU.Build.0 = Debug|Any CPU
		{11B77DA7-BA2C-44CE-A90B-D6D76339AB86}.Release|Any CPU.ActiveCfg = Release|Any CPU
	EndGlobalSection
	GlobalSection(SolutionProperties) = preSolution
		HideSolutionNode = FALSE
	EndGlobalSection
	GlobalSection(ExtensibilityGlobals) = postSolution
		SolutionGuid = {38D9F1F0-29F6-434D-8BC7-4B1FEBA0304B}
	EndGlobalSection
EndGlobal
